{
  "lockfile_version": "1",
  "packages": {
    "bun@latest": {
      "last_modified": "2026-03-01T09:58:01Z",
      "resolved": "github:NixOS/nixpkgs/42bbf3e1e000963f4f3f37daa822c67c4d8856c4#bun",
      "source": "devbox-search",
      "version": "1.3.10",
      "systems": {
        "aarch64-darwin": {
          "outputs": [
            {
              "name": "out",
              "path": "/nix/store/7x4dmbrjq24hgpzs1g6jxi3gm207ypkd-bun-1.3.10",
              "default": true
            }
          ],
          "store_path": "/nix/store/7x4dmbrjq24hgpzs1g6jxi3gm207ypkd-bun-1.3.10"
        },
        "aarch64-linux": {
          "outputs": [
            {
              "name": "out",
              "path": "/nix/store/ffdcfkl3kpdwagswlwlff6qazxkj4cag-bun-1.3.10",
              "default": true
            }
          ],
          "store_path": "/nix/store/ffdcfkl3kpdwagswlwlff6qazxkj4cag-bun-1.3.10"
        },
        "x86_64-darwin": {
          "outputs": [
            {
              "name": "out",
              "path": "/nix/store/qkjsfzy7naprhq69rway95b0xdpbq81s-bun-1.3.10",
              "default": true
            }
          ],
          "store_path": "/nix/store/qkjsfzy7naprhq69rway95b0xdpbq81s-bun-1.3.10"
        },
        "x86_64-linux": {
          "outputs": [
            {
              "name": "out",
              "path": "/nix/store/ffgyf7g2n4gbhi1zgbcphssivfah1c4s-bun-1.3.10",
              "default": true
            }
          ],
          "store_path": "/nix/store/ffgyf7g2n4gbhi1zgbcphssivfah1c4s-bun-1.3.10"
        }
      }
    },
    "direnv@latest": {
      "last_modified": "2026-02-23T15:40:43Z",
      "resolved": "github:NixOS/nixpkgs/80d901ec0377e19ac3f7bb8c035201e2e098cc97#direnv",
      "source": "devbox-search",
      "version": "2.37.1",
      "systems": {
        "aarch64-darwin": {
          "outputs": [
            {
              "name": "out",
              "path": "/nix/store/z4vvjsrdrg65jfkh0nbz5d47cml8rgmh-direnv-2.37.1",
              "default": true
            }
          ],
          "store_path": "/nix/store/z4vvjsrdrg65jfkh0nbz5d47cml8rgmh-direnv-2.37.1"
        },
        "aarch64-linux": {
          "outputs": [
            {
              "name": "out",
              "path": "/nix/store/2ksrc6nc7c4yavq3hl0g97i0w7368xnb-direnv-2.37.1",
              "default": true
            }
          ],
          "store_path": "/nix/store/2ksrc6nc7c4yavq3hl0g97i0w7368xnb-direnv-2.37.1"
        },
        "x86_64-darwin": {
          "outputs": [
            {
              "name": "out",
              "path": "/nix/store/midrr14abk8gpyw049mq4z0zr1i0rmvv-direnv-2.37.1",
              "default": true
            }
          ],
          "store_path": "/nix/store/midrr14abk8gpyw049mq4z0zr1i0rmvv-direnv-2.37.1"
        },
        "x86_64-linux": {
          "outputs": [
            {
              "name": "out",
              "path": "/nix/store/facg208fw2bgsg7w0f13k5iwkp8lnsi4-direnv-2.37.1",
              "default": true
            }
          ],
          "store_path": "/nix/store/facg208fw2bgsg7w0f13k5iwkp8lnsi4-direnv-2.37.1"
        }
      }
    },
    "github:NixOS/nixpkgs/nixpkgs-unstable": {
      "last_modified": "2026-03-04T09:05:08Z",
      "resolved": "github:NixOS/nixpkgs/0c39f3b5a9a234421d4ad43ab9c7cf64840172d0?lastModified=1772615108&narHash=sha256-lC0KbklwgeSqS%2BsTkaYpnSYr%2FHDeVMzYUZqV%2FdT31Lo%3D"
    },
    "nodejs@latest": {
      "last_modified": "2026-02-26T05:06:13Z",
      "plugin_version": "0.0.2",
      "resolved": "github:NixOS/nixpkgs/26eaeac4e409d7b5a6bf6f90a2a2dc223c78d915#nodejs_25",
      "source": "devbox-search",
      "version": "25.7.0",
      "systems": {
        "aarch64-darwin": {
          "outputs": [
            {
              "name": "out",
              "path": "/nix/store/7jwpa43ghplnyay8xinpp7cpfz2mx4r5-nodejs-25.7.0",
              "default": true
            }
          ],
          "store_path": "/nix/store/7jwpa43ghplnyay8xinpp7cpfz2mx4r5-nodejs-25.7.0"
        },
        "aarch64-linux": {
          "outputs": [
            {
              "name": "out",
              "path": "/nix/store/w1a1qfdf41h0cr92ir3nkg56wr7q7sqy-nodejs-25.7.0",
              "default": true
            }
          ],
          "store_path": "/nix/store/w1a1qfdf41h0cr92ir3nkg56wr7q7sqy-nodejs-25.7.0"
        },
        "x86_64-darwin": {
          "outputs": [
            {
              "name": "out",
              "path": "/nix/store/kyhpn0z68yf66znb5viy5a1hghaf0n2a-nodejs-25.7.0",
              "default": true
            }
          ],
          "store_path": "/nix/store/kyhpn0z68yf66znb5viy5a1hghaf0n2a-nodejs-25.7.0"
        },
        "x86_64-linux": {
          "outputs": [
            {
              "name": "out",
              "path": "/nix/store/rmrlkn4hcsfllvki855yig5vpmlk4kw1-nodejs-25.7.0",
              "default": true
            }
          ],
          "store_path": "/nix/store/rmrlkn4hcsfllvki855yig5vpmlk4kw1-nodejs-25.7.0"
        }
      }
    }
  }
}
